<?xml version="1.0" encoding="utf-8"?>
<Project ToolsVersion="4.0" xmlns="http://schemas.microsoft.com/developer/msbuild/2003">
  <ItemGroup>
    <Filter Include="Source Files">
      <UniqueIdentifier>{4FC737F1-C7A5-4376-A066-2A32D752A2FF}</UniqueIdentifier>
      <Extensions>cpp;c;cc;cxx;def;odl;idl;hpj;bat;asm;asmx</Extensions>
    </Filter>
    <Filter Include="Header Files">
      <UniqueIdentifier>{93995380-89BD-4b04-88EB-625FBE52EBFB}</UniqueIdentifier>
      <Extensions>h;hpp;hxx;hm;inl;inc;xsd</Extensions>
    </Filter>
    <Filter Include="Resource Files">
      <UniqueIdentifier>{67DA6AB6-F800-4c08-8B7A-83BB121AAD01}</UniqueIdentifier>
      <Extensions>rc;ico;cur;bmp;dlg;rc2;rct;bin;rgs;gif;jpg;jpeg;jpe;resx;tiff;tif;png;wav;mfcribbon-ms</Extensions>
    </Filter>
  </ItemGroup>
  <ItemGroup>
    <ClCompile Include="JanelaEditarCliente.cpp">
      <Filter>Source Files</Filter>
    </ClCompile>
    <ClCompile Include="JanelaEditarProdutos.cpp">
      <Filter>Source Files</Filter>
    </ClCompile>
    <ClCompile Include="JanelaExcluirProduto.cpp">
      <Filter>Source Files</Filter>
    </ClCompile>
    <ClCompile Include="JanelaFinalizarVenda.cpp">
      <Filter>Source Files</Filter>
    </ClCompile>
    <ClCompile Include="JanelaInserirCliente.cpp">
      <Filter>Source Files</Filter>
    </ClCompile>
    <ClCompile Include="JanelaInserirProduto.cpp">
      <Filter>Source Files</Filter>
    </ClCompile>
    <ClCompile Include="JanelaInserirVenda.cpp">
      <Filter>Source Files</Filter>
    </ClCompile>
    <ClCompile Include="JanelaLogin.cpp">
      <Filter>Source Files</Filter>
    </ClCompile>
    <ClCompile Include="JanelaProdutos.cpp">
      <Filter>Source Files</Filter>
    </ClCompile>
    <ClCompile Include="JanelaVendas.cpp">
      <Filter>Source Files</Filter>
    </ClCompile>
    <ClCompile Include="software_main.cpp">
      <Filter>Source Files</Filter>
    </ClCompile>
    <ClCompile Include="CCliente.cpp">
      <Filter>Source Files</Filter>
    </ClCompile>
    <ClCompile Include="CClientes.cpp">
      <Filter>Source Files</Filter>
    </ClCompile>
    <ClCompile Include="Core.cpp">
      <Filter>Source Files</Filter>
    </ClCompile>
    <ClCompile Include="CProduto.cpp">
      <Filter>Source Files</Filter>
    </ClCompile>
    <ClCompile Include="CProduto_Venda.cpp">
      <Filter>Source Files</Filter>
    </ClCompile>
    <ClCompile Include="CVenda.cpp">
      <Filter>Source Files</Filter>
    </ClCompile>
    <ClCompile Include="Home.cpp">
      <Filter>Source Files</Filter>
    </ClCompile>
    <ClCompile Include="JanelaClientes.cpp">
      <Filter>Source Files</Filter>
    </ClCompile>
    <ClCompile Include="JanelaConsultarVendas.cpp">
      <Filter>Source Files</Filter>
    </ClCompile>
  </ItemGroup>
  <ItemGroup>
    <ClInclude Include="assets.h">
      <Filter>Header Files</Filter>
    </ClInclude>
    <ClInclude Include="CCliente.h">
      <Filter>Header Files</Filter>
    </ClInclude>
    <ClInclude Include="Core.h">
      <Filter>Header Files</Filter>
    </ClInclude>
    <ClInclude Include="CProduto.h">
      <Filter>Header Files</Filter>
    </ClInclude>
    <ClInclude Include="CProduto_Venda.h">
      <Filter>Header Files</Filter>
    </ClInclude>
    <ClInclude Include="CVenda.h">
      <Filter>Header Files</Filter>
    </ClInclude>
    <ClInclude Include="Globais.h">
      <Filter>Header Files</Filter>
    </ClInclude>
    <ClInclude Include="Home.h">
      <Filter>Header Files</Filter>
    </ClInclude>
    <ClInclude Include="JanelaClientes.h">
      <Filter>Header Files</Filter>
    </ClInclude>
    <ClInclude Include="JanelaLogin.h">
      <Filter>Header Files</Filter>
    </ClInclude>
    <ClInclude Include="JanelaProdutos.h">
      <Filter>Header Files</Filter>
    </ClInclude>
    <ClInclude Include="JanelaVendas.h">
      <Filter>Header Files</Filter>
    </ClInclude>
    <ClInclude Include="Splash.h">
      <Filter>Header Files</Filter>
    </ClInclude>
  </ItemGroup>
</Project>